
Microsoft Visual Studio Solution File, Format Version 12.00
# Visual Studio Version 16
VisualStudioVersion = 16.0.31702.278
MinimumVisualStudioVersion = 10.0.40219.1
Project("{9A19103F-16F7-4668-BE54-9A1E7A4F7556}") = "Functions", "Functions.csproj", "{94828B5B-268F-412C-AAF0-84BFBC3ADA74}"
EndProject
Global
	GlobalSection(SolutionConfigurationPlatforms) = preSolution
		Debug|Any CPU = Debug|Any CPU
		Release|Any CPU = Release|Any CPU
	EndGlobalSection
	GlobalSection(ProjectConfigurationPlatforms) = postSolution
		{94828B5B-268F-412C-AAF0-84BFBC3ADA74}.Debug|Any CPU.ActiveCfg = Debug|Any CPU
		{94828B5B-268F-412C-AAF0-84BFBC3ADA74}.Debug|Any CPU.Build.0 = Debug|Any CPU
		{94828B5B-268F-412C-AAF0-84BFBC3ADA74}.Release|Any CPU.ActiveCfg = Release|Any CPU
		{94828B5B-268F-412C-AAF0-84BFBC3ADA74}.Release|Any CPU.Build.0 = Release|Any CPU
	EndGlobalSection
	GlobalSection(SolutionProperties) = preSolution
		HideSolutionNode = FALSE
	EndGlobalSection
	GlobalSection(ExtensibilityGlobals) = postSolution
		SolutionGuid = {4E8F0F86-E66A-47FC-9983-63734BDE2A01}
	EndGlobalSection
EndGlobal
